
Microsoft Visual Studio Solution File, Format Version 12.00
# Visual Studio Version 17
VisualStudioVersion = 17.3.32901.215
MinimumVisualStudioVersion = 10.0.40219.1
Project("{9A19103F-16F7-4668-BE54-9A1E7A4F7556}") = "SupermarketReceipt", "SupermarketReceipt\SupermarketReceipt.csproj", "{B384010A-E2A8-4720-A622-DC49A1CC76D4}"
EndProject
Project("{FAE04EC0-301F-11D3-BF4B-00C04F79EFBC}") = "SupermarketReceipt.NUnit_Test", "SupermarketReceipt.NUnit_Test\SupermarketReceipt.NUnit_Test.csproj", "{E074D6C3-4A68-4E86-9D6E-264F1CC75C68}"
EndProject
Global
	GlobalSection(SolutionConfigurationPlatforms) = preSolution
		Debug|Any CPU = Debug|Any CPU
		Release|Any CPU = Release|Any CPU
	EndGlobalSection
	GlobalSection(ProjectConfigurationPlatforms) = postSolution
		{B384010A-E2A8-4720-A622-DC49A1CC76D4}.Debug|Any CPU.ActiveCfg = Debug|Any CPU
		{B384010A-E2A8-4720-A622-DC49A1CC76D4}.Debug|Any CPU.Build.0 = Debug|Any CPU
		{B384010A-E2A8-4720-A622-DC49A1CC76D4}.Release|Any CPU.ActiveCfg = Release|Any CPU
		{B384010A-E2A8-4720-A622-DC49A1CC76D4}.Release|Any CPU.Build.0 = Release|Any CPU
		{E074D6C3-4A68-4E86-9D6E-264F1CC75C68}.Debug|Any CPU.ActiveCfg = Debug|Any CPU
		{E074D6C3-4A68-4E86-9D6E-264F1CC75C68}.Debug|Any CPU.Build.0 = Debug|Any CPU
		{E074D6C3-4A68-4E86-9D6E-264F1CC75C68}.Release|Any CPU.ActiveCfg = Release|Any CPU
		{E074D6C3-4A68-4E86-9D6E-264F1CC75C68}.Release|Any CPU.Build.0 = Release|Any CPU
	EndGlobalSection
	GlobalSection(SolutionProperties) = preSolution
		HideSolutionNode = FALSE
	EndGlobalSection
	GlobalSection(ExtensibilityGlobals) = postSolution
		SolutionGuid = {9F0B1464-4A07-42A3-A0C1-2D5A51311E8F}
	EndGlobalSection
EndGlobal
